
Microsoft Visual Studio Solution File, Format Version 12.00
# Visual Studio Version 17
VisualStudioVersion = 17.6.33815.320
MinimumVisualStudioVersion = 10.0.40219.1
Project("{FAE04EC0-301F-11D3-BF4B-00C04F79EFBC}") = "Ca1", "Ca1.csproj", "{B67387E6-2113-47EA-A9E1-D9DF217B5AFF}"
EndProject
Global
	GlobalSection(SolutionConfigurationPlatforms) = preSolution
		Debug|Any CPU = Debug|Any CPU
		Release|Any CPU = Release|Any CPU
	EndGlobalSection
	GlobalSection(ProjectConfigurationPlatforms) = postSolution
		{B67387E6-2113-47EA-A9E1-D9DF217B5AFF}.Debug|Any CPU.ActiveCfg = Debug|Any CPU
		{B67387E6-2113-47EA-A9E1-D9DF217B5AFF}.Debug|Any CPU.Build.0 = Debug|Any CPU
		{B67387E6-2113-47EA-A9E1-D9DF217B5AFF}.Release|Any CPU.ActiveCfg = Release|Any CPU
		{B67387E6-2113-47EA-A9E1-D9DF217B5AFF}.Release|Any CPU.Build.0 = Release|Any CPU
	EndGlobalSection
	GlobalSection(SolutionProperties) = preSolution
		HideSolutionNode = FALSE
	EndGlobalSection
	GlobalSection(ExtensibilityGlobals) = postSolution
		SolutionGuid = {AFBAFC40-F1D7-4D20-945E-87DD54B09C7E}
	EndGlobalSection
EndGlobal
